
Microsoft Visual Studio Solution File, Format Version 12.00
# Visual Studio Version 16
VisualStudioVersion = 16.0.31402.337
MinimumVisualStudioVersion = 10.0.40219.1
Project("{9A19103F-16F7-4668-BE54-9A1E7A4F7556}") = "TailwindBlazorElectron", "TailwindBlazorElectron.csproj", "{7CA6EF43-B66C-48BC-85DA-B96DEFFD56AE}"
EndProject
Global
	GlobalSection(SolutionConfigurationPlatforms) = preSolution
		Debug|Any CPU = Debug|Any CPU
		Release|Any CPU = Release|Any CPU
	EndGlobalSection
	GlobalSection(ProjectConfigurationPlatforms) = postSolution
		{7CA6EF43-B66C-48BC-85DA-B96DEFFD56AE}.Debug|Any CPU.ActiveCfg = Debug|Any CPU
		{7CA6EF43-B66C-48BC-85DA-B96DEFFD56AE}.Debug|Any CPU.Build.0 = Debug|Any CPU
		{7CA6EF43-B66C-48BC-85DA-B96DEFFD56AE}.Release|Any CPU.ActiveCfg = Release|Any CPU
		{7CA6EF43-B66C-48BC-85DA-B96DEFFD56AE}.Release|Any CPU.Build.0 = Release|Any CPU
	EndGlobalSection
	GlobalSection(SolutionProperties) = preSolution
		HideSolutionNode = FALSE
	EndGlobalSection
	GlobalSection(ExtensibilityGlobals) = postSolution
		SolutionGuid = {A19FA7E3-DA0F-4978-AC23-D442F439A907}
	EndGlobalSection
EndGlobal
